// !$*UTF8*$!
{
	archiveVersion = 1;
	classes = {
	};
	objectVersion = 50;
	objects = {

/* Begin PBXBuildFile section */
		8549962E210584550000DDC3 /* AppDelegate.m in Sources */ = {isa = PBXBuildFile; fileRef = 8549962D210584550000DDC3 /* AppDelegate.m */; };
		85499631210584550000DDC3 /* ViewController.m in Sources */ = {isa = PBXBuildFile; fileRef = 85499630210584550000DDC3 /* ViewController.m */; };
		85499634210584550000DDC3 /* Main.storyboard in Resources */ = {isa = PBXBuildFile; fileRef = 85499632210584550000DDC3 /* Main.storyboard */; };
		854996362105845A0000DDC3 /* Assets.xcassets in Resources */ = {isa = PBXBuildFile; fileRef = 854996352105845A0000DDC3 /* Assets.xcassets */; };
		854996392105845A0000DDC3 /* LaunchScreen.storyboard in Resources */ = {isa = PBXBuildFile; fileRef = 854996372105845A0000DDC3 /* LaunchScreen.storyboard */; };
		8549963C2105845A0000DDC3 /* main.m in Sources */ = {isa = PBXBuildFile; fileRef = 8549963B2105845A0000DDC3 /* main.m */; };
		85499647210584A00000DDC3 /* JHNetworkConfig.m in Sources */ = {isa = PBXBuildFile; fileRef = 85499644210584A00000DDC3 /* JHNetworkConfig.m */; };
		85499648210584A00000DDC3 /* JHNetworkConfigViewController.m in Sources */ = {isa = PBXBuildFile; fileRef = 85499645210584A00000DDC3 /* JHNetworkConfigViewController.m */; };
/* End PBXBuildFile section */

/* Begin PBXFileReference section */
		85499629210584550000DDC3 /* JHNetworkConfig.app */ = {isa = PBXFileReference; explicitFileType = wrapper.application; includeInIndex = 0; path = JHNetworkConfig.app; sourceTree = BUILT_PRODUCTS_DIR; };
		8549962C210584550000DDC3 /* AppDelegate.h */ = {isa = PBXFileReference; lastKnownFileType = sourcecode.c.h; path = AppDelegate.h; sourceTree = "<group>"; };
		8549962D210584550000DDC3 /* AppDelegate.m */ = {isa = PBXFileReference; lastKnownFileType = sourcecode.c.objc; path = AppDelegate.m; sourceTree = "<group>"; };
		8549962F210584550000DDC3 /* ViewController.h */ = {isa = PBXFileReference; lastKnownFileType = sourcecode.c.h; path = ViewController.h; sourceTree = "<group>"; };
		85499630210584550000DDC3 /* ViewController.m */ = {isa = PBXFileReference; lastKnownFileType = sourcecode.c.objc; path = ViewController.m; sourceTree = "<group>"; };
		85499633210584550000DDC3 /* Base */ = {isa = PBXFileReference; lastKnownFileType = file.storyboard; name = Base; path = Base.lproj/Main.storyboard; sourceTree = "<group>"; };
		854996352105845A0000DDC3 /* Assets.xcassets */ = {isa = PBXFileReference; lastKnownFileType = folder.assetcatalog; path = Assets.xcassets; sourceTree = "<group>"; };
		854996382105845A0000DDC3 /* Base */ = {isa = PBXFileReference; lastKnownFileType = file.storyboard; name = Base; path = Base.lproj/LaunchScreen.storyboard; sourceTree = "<group>"; };
		8549963A2105845A0000DDC3 /* Info.plist */ = {isa = PBXFileReference; lastKnownFileType = text.plist.xml; path = Info.plist; sourceTree = "<group>"; };
		8549963B2105845A0000DDC3 /* main.m */ = {isa = PBXFileReference; lastKnownFileType = sourcecode.c.objc; path = main.m; sourceTree = "<group>"; };
		85499643210584A00000DDC3 /* JHNetworkConfig.h */ = {isa = PBXFileReference; fileEncoding = 4; lastKnownFileType = sourcecode.c.h; path = JHNetworkConfig.h; sourceTree = "<group>"; };
		85499644210584A00000DDC3 /* JHNetworkConfig.m */ = {isa = PBXFileReference; fileEncoding = 4; lastKnownFileType = sourcecode.c.objc; path = JHNetworkConfig.m; sourceTree = "<group>"; };
		85499645210584A00000DDC3 /* JHNetworkConfigViewController.m */ = {isa = PBXFileReference; fileEncoding = 4; lastKnownFileType = sourcecode.c.objc; path = JHNetworkConfigViewController.m; sourceTree = "<group>"; };
		85499646210584A00000DDC3 /* JHNetworkConfigViewController.h */ = {isa = PBXFileReference; fileEncoding = 4; lastKnownFileType = sourcecode.c.h; path = JHNetworkConfigViewController.h; sourceTree = "<group>"; };
/* End PBXFileReference section */

/* Begin PBXFrameworksBuildPhase section */
		85499626210584550000DDC3 /* Frameworks */ = {
			isa = PBXFrameworksBuildPhase;
			buildActionMask = 2147483647;
			files = (
			);
			runOnlyForDeploymentPostprocessing = 0;
		};
/* End PBXFrameworksBuildPhase section */

/* Begin PBXGroup section */
		85499620210584550000DDC3 = {
			isa = PBXGroup;
			children = (
				8549962B210584550000DDC3 /* JHNetworkConfig */,
				8549962A210584550000DDC3 /* Products */,
			);
			sourceTree = "<group>";
		};
		8549962A210584550000DDC3 /* Products */ = {
			isa = PBXGroup;
			children = (
				85499629210584550000DDC3 /* JHNetworkConfig.app */,
			);
			name = Products;
			sourceTree = "<group>";
		};
		8549962B210584550000DDC3 /* JHNetworkConfig */ = {
			isa = PBXGroup;
			children = (
				85499642210584780000DDC3 /* Class */,
				8549962C210584550000DDC3 /* AppDelegate.h */,
				8549962D210584550000DDC3 /* AppDelegate.m */,
				8549962F210584550000DDC3 /* ViewController.h */,
				85499630210584550000DDC3 /* ViewController.m */,
				85499632210584550000DDC3 /* Main.storyboard */,
				854996352105845A0000DDC3 /* Assets.xcassets */,
				854996372105845A0000DDC3 /* LaunchScreen.storyboard */,
				8549963A2105845A0000DDC3 /* Info.plist */,
				8549963B2105845A0000DDC3 /* main.m */,
			);
			path = JHNetworkConfig;
			sourceTree = "<group>";
		};
		85499642210584780000DDC3 /* Class */ = {
			isa = PBXGroup;
			children = (
				85499643210584A00000DDC3 /* JHNetworkConfig.h */,
				85499644210584A00000DDC3 /* JHNetworkConfig.m */,
				85499646210584A00000DDC3 /* JHNetworkConfigViewController.h */,
				85499645210584A00000DDC3 /* JHNetworkConfigViewController.m */,
			);
			path = Class;
			sourceTree = "<group>";
		};
/* End PBXGroup section */

/* Begin PBXNativeTarget section */
		85499628210584550000DDC3 /* JHNetworkConfig */ = {
			isa = PBXNativeTarget;
			buildConfigurationList = 8549963F2105845A0000DDC3 /* Build configuration list for PBXNativeTarget "JHNetworkConfig" */;
			buildPhases = (
				85499625210584550000DDC3 /* Sources */,
				85499626210584550000DDC3 /* Frameworks */,
				85499627210584550000DDC3 /* Resources */,
			);
			buildRules = (
			);
			dependencies = (
			);
			name = JHNetworkConfig;
			productName = JHNetworkConfig;
			productReference = 85499629210584550000DDC3 /* JHNetworkConfig.app */;
			productType = "com.apple.product-type.application";
		};
/* End PBXNativeTarget section */

/* Begin PBXProject section */
		85499621210584550000DDC3 /* Project object */ = {
			isa = PBXProject;
			attributes = {
				LastUpgradeCheck = 0940;
				ORGANIZATIONNAME = HU;
				TargetAttributes = {
					85499628210584550000DDC3 = {
						CreatedOnToolsVersion = 9.4.1;
					};
				};
			};
			buildConfigurationList = 85499624210584550000DDC3 /* Build configuration list for PBXProject "JHNetworkConfig" */;
			compatibilityVersion = "Xcode 9.3";
			developmentRegion = en;
			hasScannedForEncodings = 0;
			knownRegions = (
				en,
				Base,
			);
			mainGroup = 85499620210584550000DDC3;
			productRefGroup = 8549962A210584550000DDC3 /* Products */;
			projectDirPath = "";
			projectRoot = "";
			targets = (
				85499628210584550000DDC3 /* JHNetworkConfig */,
			);
		};
/* End PBXProject section */

/* Begin PBXResourcesBuildPhase section */
		85499627210584550000DDC3 /* Resources */ = {
			isa = PBXResourcesBuildPhase;
			buildActionMask = 2147483647;
			files = (
				854996392105845A0000DDC3 /* LaunchScreen.storyboard in Resources */,
				854996362105845A0000DDC3 /* Assets.xcassets in Resources */,
				85499634210584550000DDC3 /* Main.storyboard in Resources */,
			);
			runOnlyForDeploymentPostprocessing = 0;
		};
/* End PBXResourcesBuildPhase section */

/* Begin PBXSourcesBuildPhase section */
		85499625210584550000DDC3 /* Sources */ = {
			isa = PBXSourcesBuildPhase;
			buildActionMask = 2147483647;
			files = (
				85499648210584A00000DDC3 /* JHNetworkConfigViewController.m in Sources */,
				85499631210584550000DDC3 /* ViewController.m in Sources */,
				8549963C2105845A0000DDC3 /* main.m in Sources */,
				85499647210584A00000DDC3 /* JHNetworkConfig.m in Sources */,
				8549962E210584550000DDC3 /* AppDelegate.m in Sources */,
			);
			runOnlyForDeploymentPostprocessing = 0;
		};
/* End PBXSourcesBuildPhase section */

/* Begin PBXVariantGroup section */
		85499632210584550000DDC3 /* Main.storyboard */ = {
			isa = PBXVariantGroup;
			children = (
				85499633210584550000DDC3 /* Base */,
			);
			name = Main.storyboard;
			sourceTree = "<group>";
		};
		854996372105845A0000DDC3 /* LaunchScreen.storyboard */ = {
			isa = PBXVariantGroup;
			children = (
				854996382105845A0000DDC3 /* Base */,
			);
			name = LaunchScreen.storyboard;
			sourceTree = "<group>";
		};
/* End PBXVariantGroup section */

/* Begin XCBuildConfiguration section */
		8549963D2105845A0000DDC3 /* Debug */ = {
			isa = XCBuildConfiguration;
			buildSettings = {
				ALWAYS_SEARCH_USER_PATHS = NO;
				CLANG_ANALYZER_NONNULL = YES;
				CLANG_ANALYZER_NUMBER_OBJECT_CONVERSION = YES_AGGRESSIVE;
				CLANG_CXX_LANGUAGE_STANDARD = "gnu++14";
				CLANG_CXX_LIBRARY = "libc++";
				CLANG_ENABLE_MODULES = YES;
				CLANG_ENABLE_OBJC_ARC = YES;
				CLANG_ENABLE_OBJC_WEAK = YES;
				CLANG_WARN_BLOCK_CAPTURE_AUTORELEASING = YES;
				CLANG_WARN_BOOL_CONVERSION = YES;
				CLANG_WARN_COMMA = YES;
				CLANG_WARN_CONSTANT_CONVERSION = YES;
				CLANG_WARN_DEPRECATED_OBJC_IMPLEMENTATIONS = YES;
				CLANG_WARN_DIRECT_OBJC_ISA_USAGE = YES_ERROR;
				CLANG_WARN_DOCUMENTATION_COMMENTS = YES;
				CLANG_WARN_EMPTY_BODY = YES;
				CLANG_WARN_ENUM_CONVERSION = YES;
				CLANG_WARN_INFINITE_RECURSION = YES;
				CLANG_WARN_INT_CONVERSION = YES;
				CLANG_WARN_NON_LITERAL_NULL_CONVERSION = YES;
				CLANG_WARN_OBJC_IMPLICIT_RETAIN_SELF = YES;
				CLANG_WARN_OBJC_LITERAL_CONVERSION = YES;
				CLANG_WARN_OBJC_ROOT_CLASS = YES_ERROR;
				CLANG_WARN_RANGE_LOOP_ANALYSIS = YES;
				CLANG_WARN_STRICT_PROTOTYPES = YES;
				CLANG_WARN_SUSPICIOUS_MOVE = YES;
				CLANG_WARN_UNGUARDED_AVAILABILITY = YES_AGGRESSIVE;
				CLANG_WARN_UNREACHABLE_CODE = YES;
				CLANG_WARN__DUPLICATE_METHOD_MATCH = YES;
				CODE_SIGN_IDENTITY = "iPhone Developer";
				COPY_PHASE_STRIP = NO;
				DEBUG_INFORMATION_FORMAT = dwarf;
				ENABLE_STRICT_OBJC_MSGSEND = YES;
				ENABLE_TESTABILITY = YES;
				GCC_C_LANGUAGE_STANDARD = gnu11;
				GCC_DYNAMIC_NO_PIC = NO;
				GCC_NO_COMMON_BLOCKS = YES;
				GCC_OPTIMIZATION_LEVEL = 0;
				GCC_PREPROCESSOR_DEFINITIONS = (
					"DEBUG=1",
					"$(inherited)",
				);
				GCC_WARN_64_TO_32_BIT_CONVERSION = YES;
				GCC_WARN_ABOUT_RETURN_TYPE = YES_ERROR;
				GCC_WARN_UNDECLARED_SELECTOR = YES;
				GCC_WARN_UNINITIALIZED_AUTOS = YES_AGGRESSIVE;
				GCC_WARN_UNUSED_FUNCTION = YES;
				GCC_WARN_UNUSED_VARIABLE = YES;
				IPHONEOS_DEPLOYMENT_TARGET = 11.4;
				MTL_ENABLE_DEBUG_INFO = YES;
				ONLY_ACTIVE_ARCH = YES;
				SDKROOT = iphoneos;
			};
			name = Debug;
		};
		8549963E2105845A0000DDC3 /* Release */ = {
			isa = XCBuildConfiguration;
			buildSettings = {
				ALWAYS_SEARCH_USER_PATHS = NO;
				CLANG_ANALYZER_NONNULL = YES;
				CLANG_ANALYZER_NUMBER_OBJECT_CONVERSION = YES_AGGRESSIVE;
				CLANG_CXX_LANGUAGE_STANDARD = "gnu++14";
				CLANG_CXX_LIBRARY = "libc++";
				CLANG_ENABLE_MODULES = YES;
				CLANG_ENABLE_OBJC_ARC = YES;
				CLANG_ENABLE_OBJC_WEAK = YES;
				CLANG_WARN_BLOCK_CAPTURE_AUTORELEASING = YES;
				CLANG_WARN_BOOL_CONVERSION = YES;
				CLANG_WARN_COMMA = YES;
				CLANG_WARN_CONSTANT_CONVERSION = YES;
				CLANG_WARN_DEPRECATED_OBJC_IMPLEMENTATIONS = YES;
				CLANG_WARN_DIRECT_OBJC_ISA_USAGE = YES_ERROR;
				CLANG_WARN_DOCUMENTATION_COMMENTS = YES;
				CLANG_WARN_EMPTY_BODY = YES;
				CLANG_WARN_ENUM_CONVERSION = YES;
				CLANG_WARN_INFINITE_RECURSION = YES;
				CLANG_WARN_INT_CONVERSION = YES;
				CLANG_WARN_NON_LITERAL_NULL_CONVERSION = YES;
				CLANG_WARN_OBJC_IMPLICIT_RETAIN_SELF = YES;
				CLANG_WARN_OBJC_LITERAL_CONVERSION = YES;
				CLANG_WARN_OBJC_ROOT_CLASS = YES_ERROR;
				CLANG_WARN_RANGE_LOOP_ANALYSIS = YES;
				CLANG_WARN_STRICT_PROTOTYPES = YES;
				CLANG_WARN_SUSPICIOUS_MOVE = YES;
				CLANG_WARN_UNGUARDED_AVAILABILITY = YES_AGGRESSIVE;
				CLANG_WARN_UNREACHABLE_CODE = YES;
				CLANG_WARN__DUPLICATE_METHOD_MATCH = YES;
				CODE_SIGN_IDENTITY = "iPhone Developer";
				COPY_PHASE_STRIP = NO;
				DEBUG_INFORMATION_FORMAT = "dwarf-with-dsym";
				ENABLE_NS_ASSERTIONS = NO;
				ENABLE_STRICT_OBJC_MSGSEND = YES;
				GCC_C_LANGUAGE_STANDARD = gnu11;
				GCC_NO_COMMON_BLOCKS = YES;
				GCC_WARN_64_TO_32_BIT_CONVERSION = YES;
				GCC_WARN_ABOUT_RETURN_TYPE = YES_ERROR;
				GCC_WARN_UNDECLARED_SELECTOR = YES;
				GCC_WARN_UNINITIALIZED_AUTOS = YES_AGGRESSIVE;
				GCC_WARN_UNUSED_FUNCTION = YES;
				GCC_WARN_UNUSED_VARIABLE = YES;
				IPHONEOS_DEPLOYMENT_TARGET = 11.4;
				MTL_ENABLE_DEBUG_INFO = NO;
				SDKROOT = iphoneos;
				VALIDATE_PRODUCT = YES;
			};
			name = Release;
		};
		854996402105845A0000DDC3 /* Debug */ = {
			isa = XCBuildConfiguration;
			buildSettings = {
				ASSETCATALOG_COMPILER_APPICON_NAME = AppIcon;
				CODE_SIGN_STYLE = Automatic;
				DEVELOPMENT_TEAM = 226YH5AK6L;
				INFOPLIST_FILE = JHNetworkConfig/Info.plist;
				IPHONEOS_DEPLOYMENT_TARGET = 9.1;
				LD_RUNPATH_SEARCH_PATHS = (
					"$(inherited)",
					"@executable_path/Frameworks",
				);
				PRODUCT_BUNDLE_IDENTIFIER = com.hu.JHNetworkConfig;
				PRODUCT_NAME = "$(TARGET_NAME)";
				TARGETED_DEVICE_FAMILY = "1,2";
			};
			name = Debug;
		};
		854996412105845A0000DDC3 /* Release */ = {
			isa = XCBuildConfiguration;
			buildSettings = {
				ASSETCATALOG_COMPILER_APPICON_NAME = AppIcon;
				CODE_SIGN_STYLE = Automatic;
				DEVELOPMENT_TEAM = 226YH5AK6L;
				INFOPLIST_FILE = JHNetworkConfig/Info.plist;
				IPHONEOS_DEPLOYMENT_TARGET = 9.1;
				LD_RUNPATH_SEARCH_PATHS = (
					"$(inherited)",
					"@executable_path/Frameworks",
				);
				PRODUCT_BUNDLE_IDENTIFIER = com.hu.JHNetworkConfig;
				PRODUCT_NAME = "$(TARGET_NAME)";
				TARGETED_DEVICE_FAMILY = "1,2";
			};
			name = Release;
		};
/* End XCBuildConfiguration section */

/* Begin XCConfigurationList section */
		85499624210584550000DDC3 /* Build configuration list for PBXProject "JHNetworkConfig" */ = {
			isa = XCConfigurationList;
			buildConfigurations = (
				8549963D2105845A0000DDC3 /* Debug */,
				8549963E2105845A0000DDC3 /* Release */,
			);
			defaultConfigurationIsVisible = 0;
			defaultConfigurationName = Release;
		};
		8549963F2105845A0000DDC3 /* Build configuration list for PBXNativeTarget "JHNetworkConfig" */ = {
			isa = XCConfigurationList;
			buildConfigurations = (
				854996402105845A0000DDC3 /* Debug */,
				854996412105845A0000DDC3 /* Release */,
			);
			defaultConfigurationIsVisible = 0;
			defaultConfigurationName = Release;
		};
/* End XCConfigurationList section */
	};
	rootObject = 85499621210584550000DDC3 /* Project object */;
}
